
Microsoft Visual Studio Solution File, Format Version 12.00
Project("{FAE04EC0-301F-11D3-BF4B-00C04F79EFBC}") = "WCKYWCKF.Model2ViewModel", "WCKYWCKF.Model2ViewModel\WCKYWCKF.Model2ViewModel.csproj", "{2BF03ADD-F9DD-4A85-9541-9E9471E8F140}"
EndProject
Project("{FAE04EC0-301F-11D3-BF4B-00C04F79EFBC}") = "WCKYWCKF.Model2ViewModel.Sample", "WCKYWCKF.Model2ViewModel.Sample\WCKYWCKF.Model2ViewModel.Sample.csproj", "{87B133AE-C8B7-4E2E-8B2E-CADC41F89F55}"
EndProject
Project("{FAE04EC0-301F-11D3-BF4B-00C04F79EFBC}") = "WCKYWCKF.Model2ViewModel.Tests", "WCKYWCKF.Model2ViewModel.Tests\WCKYWCKF.Model2ViewModel.Tests.csproj", "{A5DA5097-C178-428F-9C2E-0A81AFE4FF8F}"
EndProject
Global
	GlobalSection(SolutionConfigurationPlatforms) = preSolution
		Debug|Any CPU = Debug|Any CPU
		Release|Any CPU = Release|Any CPU
	EndGlobalSection
	GlobalSection(ProjectConfigurationPlatforms) = postSolution
		{2BF03ADD-F9DD-4A85-9541-9E9471E8F140}.Debug|Any CPU.ActiveCfg = Debug|Any CPU
		{2BF03ADD-F9DD-4A85-9541-9E9471E8F140}.Debug|Any CPU.Build.0 = Debug|Any CPU
		{2BF03ADD-F9DD-4A85-9541-9E9471E8F140}.Release|Any CPU.ActiveCfg = Release|Any CPU
		{2BF03ADD-F9DD-4A85-9541-9E9471E8F140}.Release|Any CPU.Build.0 = Release|Any CPU
		{87B133AE-C8B7-4E2E-8B2E-CADC41F89F55}.Debug|Any CPU.ActiveCfg = Debug|Any CPU
		{87B133AE-C8B7-4E2E-8B2E-CADC41F89F55}.Debug|Any CPU.Build.0 = Debug|Any CPU
		{87B133AE-C8B7-4E2E-8B2E-CADC41F89F55}.Release|Any CPU.ActiveCfg = Release|Any CPU
		{87B133AE-C8B7-4E2E-8B2E-CADC41F89F55}.Release|Any CPU.Build.0 = Release|Any CPU
		{A5DA5097-C178-428F-9C2E-0A81AFE4FF8F}.Debug|Any CPU.ActiveCfg = Debug|Any CPU
		{A5DA5097-C178-428F-9C2E-0A81AFE4FF8F}.Debug|Any CPU.Build.0 = Debug|Any CPU
		{A5DA5097-C178-428F-9C2E-0A81AFE4FF8F}.Release|Any CPU.ActiveCfg = Release|Any CPU
		{A5DA5097-C178-428F-9C2E-0A81AFE4FF8F}.Release|Any CPU.Build.0 = Release|Any CPU
	EndGlobalSection
EndGlobal
